
Microsoft Visual Studio Solution File, Format Version 12.00
# Visual Studio 2013
VisualStudioVersion = 12.0.31101.0
MinimumVisualStudioVersion = 10.0.40219.1
Project("{FAE04EC0-301F-11D3-BF4B-00C04F79EFBC}") = "MojioDotNet.Sample.iOS", "MojioDotNet.Sample\MojioDotNet.Sample.iOS\MojioDotNet.Sample.iOS.csproj", "{5F415626-D472-4E61-A1D4-0C884DE23775}"
EndProject
Project("{FAE04EC0-301F-11D3-BF4B-00C04F79EFBC}") = "MojioDotNet.Sample.Droid", "MojioDotNet.Sample\MojioDotNet.Sample.Droid\MojioDotNet.Sample.Droid.csproj", "{A987C2BA-BA40-4AE1-BB2C-4C4F2BB7707B}"
EndProject
Project("{D954291E-2A0B-460D-934E-DC6B0785DB48}") = "MojioDotNet.Sample", "MojioDotNet.Sample\MojioDotNet.Sample\MojioDotNet.Sample.shproj", "{58984DE1-B6A4-495C-A720-41E3AB8FFE97}"
EndProject
Project("{FAE04EC0-301F-11D3-BF4B-00C04F79EFBC}") = "Mojio", "..\..\github\Mojio.Client\Src\Mojio\Mojio.csproj", "{FAECCBE3-5E0C-4140-90F0-FF35059673E9}"
EndProject
Project("{FAE04EC0-301F-11D3-BF4B-00C04F79EFBC}") = "Mojio.Client", "..\..\github\Mojio.Client\Src\Mojio.Client\Mojio.Client.csproj", "{64B1AA53-3183-400B-82D7-DC34CA2EE35A}"
EndProject
Project("{2150E333-8FDC-42A3-9474-1A3956D46DE8}") = "MojioDotNet.Sample.Windows", "MojioDotNet.Sample.Windows", "{6A0239DF-CC1A-461B-BB29-986E728F26F3}"
EndProject
Project("{D954291E-2A0B-460D-934E-DC6B0785DB48}") = "MojioDotNet.Sample.Windows.Shared", "MojioDotNet.Sample.Windows\MojioDotNet.Sample.Windows.Shared\MojioDotNet.Sample.Windows.Shared.shproj", "{CE9775E1-11E5-4B6E-B926-2B7F08D0C73D}"
EndProject
Project("{FAE04EC0-301F-11D3-BF4B-00C04F79EFBC}") = "MojioDotNet.Sample.Windows.Windows", "MojioDotNet.Sample.Windows\MojioDotNet.Sample.Windows.Windows\MojioDotNet.Sample.Windows.Windows.csproj", "{CE547BC0-698B-455E-97C6-D425ECBCD86A}"
EndProject
Project("{FAE04EC0-301F-11D3-BF4B-00C04F79EFBC}") = "MojioDotNet.Sample.Windows.WindowsPhone", "MojioDotNet.Sample.Windows\MojioDotNet.Sample.Windows.WindowsPhone\MojioDotNet.Sample.Windows.WindowsPhone.csproj", "{9A6CCB22-79B9-439D-92AF-91B13DEB59A0}"
EndProject
Project("{2150E333-8FDC-42A3-9474-1A3956D46DE8}") = ".nuget", ".nuget", "{F6842D2B-DBBD-4A21-BAF5-E17C9CFAA655}"
	ProjectSection(SolutionItems) = preProject
		.nuget\NuGet.Config = .nuget\NuGet.Config
		.nuget\NuGet.exe = .nuget\NuGet.exe
		.nuget\NuGet.targets = .nuget\NuGet.targets
	EndProjectSection
EndProject
Project("{FAE04EC0-301F-11D3-BF4B-00C04F79EFBC}") = "MojioDotNet.Sample.Cross", "MojioDotNet.Sample.Cross\MojioDotNet.Sample.Cross.csproj", "{02314D61-8AB9-4CCB-91B9-7AA4201EA4FB}"
EndProject
Global
	GlobalSection(SharedMSBuildProjectFiles) = preSolution
		MojioDotNet.Sample\MojioDotNet.Sample\MojioDotNet.Sample.projitems*{5f415626-d472-4e61-a1d4-0c884de23775}*SharedItemsImports = 4
		MojioDotNet.Sample\MojioDotNet.Sample\MojioDotNet.Sample.projitems*{58984de1-b6a4-495c-a720-41e3ab8ffe97}*SharedItemsImports = 13
		MojioDotNet.Sample.Windows\MojioDotNet.Sample.Windows.Shared\MojioDotNet.Sample.Windows.Shared.projitems*{ce9775e1-11e5-4b6e-b926-2b7f08d0c73d}*SharedItemsImports = 13
		MojioDotNet.Sample\MojioDotNet.Sample\MojioDotNet.Sample.projitems*{a987c2ba-ba40-4ae1-bb2c-4c4f2bb7707b}*SharedItemsImports = 4
		MojioDotNet.Sample.Windows\MojioDotNet.Sample.Windows.Shared\MojioDotNet.Sample.Windows.Shared.projitems*{9a6ccb22-79b9-439d-92af-91b13deb59a0}*SharedItemsImports = 4
		MojioDotNet.Sample.Windows\MojioDotNet.Sample.Windows.Shared\MojioDotNet.Sample.Windows.Shared.projitems*{ce547bc0-698b-455e-97c6-d425ecbcd86a}*SharedItemsImports = 4
	EndGlobalSection
	GlobalSection(SolutionConfigurationPlatforms) = preSolution
		Ad-Hoc|Any CPU = Ad-Hoc|Any CPU
		Ad-Hoc|ARM = Ad-Hoc|ARM
		Ad-Hoc|iPhone = Ad-Hoc|iPhone
		Ad-Hoc|iPhoneSimulator = Ad-Hoc|iPhoneSimulator
		Ad-Hoc|Mixed Platforms = Ad-Hoc|Mixed Platforms
		Ad-Hoc|x64 = Ad-Hoc|x64
		Ad-Hoc|x86 = Ad-Hoc|x86
		AppStore|Any CPU = AppStore|Any CPU
		AppStore|ARM = AppStore|ARM
		AppStore|iPhone = AppStore|iPhone
		AppStore|iPhoneSimulator = AppStore|iPhoneSimulator
		AppStore|Mixed Platforms = AppStore|Mixed Platforms
		AppStore|x64 = AppStore|x64
		AppStore|x86 = AppStore|x86
		Debug|Any CPU = Debug|Any CPU
		Debug|ARM = Debug|ARM
		Debug|iPhone = Debug|iPhone
		Debug|iPhoneSimulator = Debug|iPhoneSimulator
		Debug|Mixed Platforms = Debug|Mixed Platforms
		Debug|x64 = Debug|x64
		Debug|x86 = Debug|x86
		Release|Any CPU = Release|Any CPU
		Release|ARM = Release|ARM
		Release|iPhone = Release|iPhone
		Release|iPhoneSimulator = Release|iPhoneSimulator
		Release|Mixed Platforms = Release|Mixed Platforms
		Release|x64 = Release|x64
		Release|x86 = Release|x86
	EndGlobalSection
	GlobalSection(ProjectConfigurationPlatforms) = postSolution
		{5F415626-D472-4E61-A1D4-0C884DE23775}.Ad-Hoc|Any CPU.ActiveCfg = Ad-Hoc|iPhone
		{5F415626-D472-4E61-A1D4-0C884DE23775}.Ad-Hoc|ARM.ActiveCfg = Ad-Hoc|iPhone
		{5F415626-D472-4E61-A1D4-0C884DE23775}.Ad-Hoc|iPhone.ActiveCfg = Ad-Hoc|iPhone
		{5F415626-D472-4E61-A1D4-0C884DE23775}.Ad-Hoc|iPhone.Build.0 = Ad-Hoc|iPhone
		{5F415626-D472-4E61-A1D4-0C884DE23775}.Ad-Hoc|iPhoneSimulator.ActiveCfg = Ad-Hoc|iPhoneSimulator
		{5F415626-D472-4E61-A1D4-0C884DE23775}.Ad-Hoc|iPhoneSimulator.Build.0 = Ad-Hoc|iPhoneSimulator
		{5F415626-D472-4E61-A1D4-0C884DE23775}.Ad-Hoc|Mixed Platforms.ActiveCfg = Ad-Hoc|iPhone
		{5F415626-D472-4E61-A1D4-0C884DE23775}.Ad-Hoc|Mixed Platforms.Build.0 = Ad-Hoc|iPhone
		{5F415626-D472-4E61-A1D4-0C884DE23775}.Ad-Hoc|x64.ActiveCfg = Ad-Hoc|iPhoneSimulator
		{5F415626-D472-4E61-A1D4-0C884DE23775}.Ad-Hoc|x86.ActiveCfg = Ad-Hoc|iPhone
		{5F415626-D472-4E61-A1D4-0C884DE23775}.AppStore|Any CPU.ActiveCfg = AppStore|iPhone
		{5F415626-D472-4E61-A1D4-0C884DE23775}.AppStore|ARM.ActiveCfg = AppStore|iPhone
		{5F415626-D472-4E61-A1D4-0C884DE23775}.AppStore|iPhone.ActiveCfg = AppStore|iPhone
		{5F415626-D472-4E61-A1D4-0C884DE23775}.AppStore|iPhone.Build.0 = AppStore|iPhone
		{5F415626-D472-4E61-A1D4-0C884DE23775}.AppStore|iPhoneSimulator.ActiveCfg = AppStore|iPhoneSimulator
		{5F415626-D472-4E61-A1D4-0C884DE23775}.AppStore|iPhoneSimulator.Build.0 = AppStore|iPhoneSimulator
		{5F415626-D472-4E61-A1D4-0C884DE23775}.AppStore|Mixed Platforms.ActiveCfg = AppStore|iPhone
		{5F415626-D472-4E61-A1D4-0C884DE23775}.AppStore|Mixed Platforms.Build.0 = AppStore|iPhone
		{5F415626-D472-4E61-A1D4-0C884DE23775}.AppStore|x64.ActiveCfg = AppStore|iPhoneSimulator
		{5F415626-D472-4E61-A1D4-0C884DE23775}.AppStore|x86.ActiveCfg = AppStore|iPhone
		{5F415626-D472-4E61-A1D4-0C884DE23775}.Debug|Any CPU.ActiveCfg = Debug|iPhone
		{5F415626-D472-4E61-A1D4-0C884DE23775}.Debug|ARM.ActiveCfg = Debug|iPhone
		{5F415626-D472-4E61-A1D4-0C884DE23775}.Debug|iPhone.ActiveCfg = Debug|iPhone
		{5F415626-D472-4E61-A1D4-0C884DE23775}.Debug|iPhone.Build.0 = Debug|iPhone
		{5F415626-D472-4E61-A1D4-0C884DE23775}.Debug|iPhoneSimulator.ActiveCfg = Debug|iPhoneSimulator
		{5F415626-D472-4E61-A1D4-0C884DE23775}.Debug|iPhoneSimulator.Build.0 = Debug|iPhoneSimulator
		{5F415626-D472-4E61-A1D4-0C884DE23775}.Debug|Mixed Platforms.ActiveCfg = Debug|iPhone
		{5F415626-D472-4E61-A1D4-0C884DE23775}.Debug|Mixed Platforms.Build.0 = Debug|iPhone
		{5F415626-D472-4E61-A1D4-0C884DE23775}.Debug|x64.ActiveCfg = Debug|iPhoneSimulator
		{5F415626-D472-4E61-A1D4-0C884DE23775}.Debug|x86.ActiveCfg = Debug|iPhone
		{5F415626-D472-4E61-A1D4-0C884DE23775}.Release|Any CPU.ActiveCfg = Release|iPhone
		{5F415626-D472-4E61-A1D4-0C884DE23775}.Release|ARM.ActiveCfg = Release|iPhone
		{5F415626-D472-4E61-A1D4-0C884DE23775}.Release|iPhone.ActiveCfg = Release|iPhone
		{5F415626-D472-4E61-A1D4-0C884DE23775}.Release|iPhone.Build.0 = Release|iPhone
		{5F415626-D472-4E61-A1D4-0C884DE23775}.Release|iPhoneSimulator.ActiveCfg = Release|iPhoneSimulator
		{5F415626-D472-4E61-A1D4-0C884DE23775}.Release|iPhoneSimulator.Build.0 = Release|iPhoneSimulator
		{5F415626-D472-4E61-A1D4-0C884DE23775}.Release|Mixed Platforms.ActiveCfg = Release|iPhone
		{5F415626-D472-4E61-A1D4-0C884DE23775}.Release|Mixed Platforms.Build.0 = Release|iPhone
		{5F415626-D472-4E61-A1D4-0C884DE23775}.Release|x64.ActiveCfg = Release|iPhoneSimulator
		{5F415626-D472-4E61-A1D4-0C884DE23775}.Release|x86.ActiveCfg = Release|iPhone
		{A987C2BA-BA40-4AE1-BB2C-4C4F2BB7707B}.Ad-Hoc|Any CPU.ActiveCfg = Release|Any CPU
		{A987C2BA-BA40-4AE1-BB2C-4C4F2BB7707B}.Ad-Hoc|Any CPU.Build.0 = Release|Any CPU
		{A987C2BA-BA40-4AE1-BB2C-4C4F2BB7707B}.Ad-Hoc|Any CPU.Deploy.0 = Release|Any CPU
		{A987C2BA-BA40-4AE1-BB2C-4C4F2BB7707B}.Ad-Hoc|ARM.ActiveCfg = Release|Any CPU
		{A987C2BA-BA40-4AE1-BB2C-4C4F2BB7707B}.Ad-Hoc|iPhone.ActiveCfg = Release|Any CPU
		{A987C2BA-BA40-4AE1-BB2C-4C4F2BB7707B}.Ad-Hoc|iPhoneSimulator.ActiveCfg = Release|Any CPU
		{A987C2BA-BA40-4AE1-BB2C-4C4F2BB7707B}.Ad-Hoc|Mixed Platforms.ActiveCfg = Release|Any CPU
		{A987C2BA-BA40-4AE1-BB2C-4C4F2BB7707B}.Ad-Hoc|Mixed Platforms.Build.0 = Release|Any CPU
		{A987C2BA-BA40-4AE1-BB2C-4C4F2BB7707B}.Ad-Hoc|Mixed Platforms.Deploy.0 = Release|Any CPU
		{A987C2BA-BA40-4AE1-BB2C-4C4F2BB7707B}.Ad-Hoc|x64.ActiveCfg = Debug|Any CPU
		{A987C2BA-BA40-4AE1-BB2C-4C4F2BB7707B}.Ad-Hoc|x86.ActiveCfg = Release|Any CPU
		{A987C2BA-BA40-4AE1-BB2C-4C4F2BB7707B}.AppStore|Any CPU.ActiveCfg = Release|Any CPU
		{A987C2BA-BA40-4AE1-BB2C-4C4F2BB7707B}.AppStore|Any CPU.Build.0 = Release|Any CPU
		{A987C2BA-BA40-4AE1-BB2C-4C4F2BB7707B}.AppStore|Any CPU.Deploy.0 = Release|Any CPU
		{A987C2BA-BA40-4AE1-BB2C-4C4F2BB7707B}.AppStore|ARM.ActiveCfg = Release|Any CPU
		{A987C2BA-BA40-4AE1-BB2C-4C4F2BB7707B}.AppStore|iPhone.ActiveCfg = Release|Any CPU
		{A987C2BA-BA40-4AE1-BB2C-4C4F2BB7707B}.AppStore|iPhoneSimulator.ActiveCfg = Release|Any CPU
		{A987C2BA-BA40-4AE1-BB2C-4C4F2BB7707B}.AppStore|Mixed Platforms.ActiveCfg = Release|Any CPU
		{A987C2BA-BA40-4AE1-BB2C-4C4F2BB7707B}.AppStore|Mixed Platforms.Build.0 = Release|Any CPU
		{A987C2BA-BA40-4AE1-BB2C-4C4F2BB7707B}.AppStore|Mixed Platforms.Deploy.0 = Release|Any CPU
		{A987C2BA-BA40-4AE1-BB2C-4C4F2BB7707B}.AppStore|x64.ActiveCfg = Debug|Any CPU
		{A987C2BA-BA40-4AE1-BB2C-4C4F2BB7707B}.AppStore|x86.ActiveCfg = Release|Any CPU
		{A987C2BA-BA40-4AE1-BB2C-4C4F2BB7707B}.Debug|Any CPU.ActiveCfg = Debug|Any CPU
		{A987C2BA-BA40-4AE1-BB2C-4C4F2BB7707B}.Debug|Any CPU.Build.0 = Debug|Any CPU
		{A987C2BA-BA40-4AE1-BB2C-4C4F2BB7707B}.Debug|Any CPU.Deploy.0 = Debug|Any CPU
		{A987C2BA-BA40-4AE1-BB2C-4C4F2BB7707B}.Debug|ARM.ActiveCfg = Debug|Any CPU
		{A987C2BA-BA40-4AE1-BB2C-4C4F2BB7707B}.Debug|iPhone.ActiveCfg = Debug|Any CPU
		{A987C2BA-BA40-4AE1-BB2C-4C4F2BB7707B}.Debug|iPhone.Build.0 = Debug|Any CPU
		{A987C2BA-BA40-4AE1-BB2C-4C4F2BB7707B}.Debug|iPhone.Deploy.0 = Debug|Any CPU
		{A987C2BA-BA40-4AE1-BB2C-4C4F2BB7707B}.Debug|iPhoneSimulator.ActiveCfg = Debug|Any CPU
		{A987C2BA-BA40-4AE1-BB2C-4C4F2BB7707B}.Debug|Mixed Platforms.ActiveCfg = Debug|Any CPU
		{A987C2BA-BA40-4AE1-BB2C-4C4F2BB7707B}.Debug|Mixed Platforms.Build.0 = Debug|Any CPU
		{A987C2BA-BA40-4AE1-BB2C-4C4F2BB7707B}.Debug|Mixed Platforms.Deploy.0 = Debug|Any CPU
		{A987C2BA-BA40-4AE1-BB2C-4C4F2BB7707B}.Debug|x64.ActiveCfg = Debug|Any CPU
		{A987C2BA-BA40-4AE1-BB2C-4C4F2BB7707B}.Debug|x86.ActiveCfg = Debug|Any CPU
		{A987C2BA-BA40-4AE1-BB2C-4C4F2BB7707B}.Release|Any CPU.ActiveCfg = Release|Any CPU
		{A987C2BA-BA40-4AE1-BB2C-4C4F2BB7707B}.Release|Any CPU.Build.0 = Release|Any CPU
		{A987C2BA-BA40-4AE1-BB2C-4C4F2BB7707B}.Release|Any CPU.Deploy.0 = Release|Any CPU
		{A987C2BA-BA40-4AE1-BB2C-4C4F2BB7707B}.Release|ARM.ActiveCfg = Release|Any CPU
		{A987C2BA-BA40-4AE1-BB2C-4C4F2BB7707B}.Release|iPhone.ActiveCfg = Release|Any CPU
		{A987C2BA-BA40-4AE1-BB2C-4C4F2BB7707B}.Release|iPhoneSimulator.ActiveCfg = Release|Any CPU
		{A987C2BA-BA40-4AE1-BB2C-4C4F2BB7707B}.Release|Mixed Platforms.ActiveCfg = Release|Any CPU
		{A987C2BA-BA40-4AE1-BB2C-4C4F2BB7707B}.Release|Mixed Platforms.Build.0 = Release|Any CPU
		{A987C2BA-BA40-4AE1-BB2C-4C4F2BB7707B}.Release|Mixed Platforms.Deploy.0 = Release|Any CPU
		{A987C2BA-BA40-4AE1-BB2C-4C4F2BB7707B}.Release|x64.ActiveCfg = Release|Any CPU
		{A987C2BA-BA40-4AE1-BB2C-4C4F2BB7707B}.Release|x86.ActiveCfg = Release|Any CPU
		{FAECCBE3-5E0C-4140-90F0-FF35059673E9}.Ad-Hoc|Any CPU.ActiveCfg = Release|Any CPU
		{FAECCBE3-5E0C-4140-90F0-FF35059673E9}.Ad-Hoc|Any CPU.Build.0 = Release|Any CPU
		{FAECCBE3-5E0C-4140-90F0-FF35059673E9}.Ad-Hoc|ARM.ActiveCfg = Release|Any CPU
		{FAECCBE3-5E0C-4140-90F0-FF35059673E9}.Ad-Hoc|iPhone.ActiveCfg = Release|Any CPU
		{FAECCBE3-5E0C-4140-90F0-FF35059673E9}.Ad-Hoc|iPhoneSimulator.ActiveCfg = Release|Any CPU
		{FAECCBE3-5E0C-4140-90F0-FF35059673E9}.Ad-Hoc|Mixed Platforms.ActiveCfg = Release|Any CPU
		{FAECCBE3-5E0C-4140-90F0-FF35059673E9}.Ad-Hoc|Mixed Platforms.Build.0 = Release|Any CPU
		{FAECCBE3-5E0C-4140-90F0-FF35059673E9}.Ad-Hoc|x64.ActiveCfg = Release|Any CPU
		{FAECCBE3-5E0C-4140-90F0-FF35059673E9}.Ad-Hoc|x86.ActiveCfg = Release|Any CPU
		{FAECCBE3-5E0C-4140-90F0-FF35059673E9}.AppStore|Any CPU.ActiveCfg = Release|Any CPU
		{FAECCBE3-5E0C-4140-90F0-FF35059673E9}.AppStore|Any CPU.Build.0 = Release|Any CPU
		{FAECCBE3-5E0C-4140-90F0-FF35059673E9}.AppStore|ARM.ActiveCfg = Release|Any CPU
		{FAECCBE3-5E0C-4140-90F0-FF35059673E9}.AppStore|iPhone.ActiveCfg = Release|Any CPU
		{FAECCBE3-5E0C-4140-90F0-FF35059673E9}.AppStore|iPhoneSimulator.ActiveCfg = Release|Any CPU
		{FAECCBE3-5E0C-4140-90F0-FF35059673E9}.AppStore|Mixed Platforms.ActiveCfg = Release|Any CPU
		{FAECCBE3-5E0C-4140-90F0-FF35059673E9}.AppStore|Mixed Platforms.Build.0 = Release|Any CPU
		{FAECCBE3-5E0C-4140-90F0-FF35059673E9}.AppStore|x64.ActiveCfg = Release|Any CPU
		{FAECCBE3-5E0C-4140-90F0-FF35059673E9}.AppStore|x86.ActiveCfg = Release|Any CPU
		{FAECCBE3-5E0C-4140-90F0-FF35059673E9}.Debug|Any CPU.ActiveCfg = Debug|Any CPU
		{FAECCBE3-5E0C-4140-90F0-FF35059673E9}.Debug|Any CPU.Build.0 = Debug|Any CPU
		{FAECCBE3-5E0C-4140-90F0-FF35059673E9}.Debug|ARM.ActiveCfg = Debug|Any CPU
		{FAECCBE3-5E0C-4140-90F0-FF35059673E9}.Debug|iPhone.ActiveCfg = Debug|Any CPU
		{FAECCBE3-5E0C-4140-90F0-FF35059673E9}.Debug|iPhoneSimulator.ActiveCfg = Debug|Any CPU
		{FAECCBE3-5E0C-4140-90F0-FF35059673E9}.Debug|Mixed Platforms.ActiveCfg = Debug|Any CPU
		{FAECCBE3-5E0C-4140-90F0-FF35059673E9}.Debug|Mixed Platforms.Build.0 = Debug|Any CPU
		{FAECCBE3-5E0C-4140-90F0-FF35059673E9}.Debug|x64.ActiveCfg = Debug|Any CPU
		{FAECCBE3-5E0C-4140-90F0-FF35059673E9}.Debug|x86.ActiveCfg = Debug|Any CPU
		{FAECCBE3-5E0C-4140-90F0-FF35059673E9}.Release|Any CPU.ActiveCfg = Release|Any CPU
		{FAECCBE3-5E0C-4140-90F0-FF35059673E9}.Release|Any CPU.Build.0 = Release|Any CPU
		{FAECCBE3-5E0C-4140-90F0-FF35059673E9}.Release|ARM.ActiveCfg = Release|Any CPU
		{FAECCBE3-5E0C-4140-90F0-FF35059673E9}.Release|iPhone.ActiveCfg = Release|Any CPU
		{FAECCBE3-5E0C-4140-90F0-FF35059673E9}.Release|iPhoneSimulator.ActiveCfg = Release|Any CPU
		{FAECCBE3-5E0C-4140-90F0-FF35059673E9}.Release|Mixed Platforms.ActiveCfg = Release|Any CPU
		{FAECCBE3-5E0C-4140-90F0-FF35059673E9}.Release|Mixed Platforms.Build.0 = Release|Any CPU
		{FAECCBE3-5E0C-4140-90F0-FF35059673E9}.Release|x64.ActiveCfg = Release|Any CPU
		{FAECCBE3-5E0C-4140-90F0-FF35059673E9}.Release|x86.ActiveCfg = Release|Any CPU
		{64B1AA53-3183-400B-82D7-DC34CA2EE35A}.Ad-Hoc|Any CPU.ActiveCfg = Release|Any CPU
		{64B1AA53-3183-400B-82D7-DC34CA2EE35A}.Ad-Hoc|Any CPU.Build.0 = Release|Any CPU
		{64B1AA53-3183-400B-82D7-DC34CA2EE35A}.Ad-Hoc|ARM.ActiveCfg = Release|Any CPU
		{64B1AA53-3183-400B-82D7-DC34CA2EE35A}.Ad-Hoc|iPhone.ActiveCfg = Release|Any CPU
		{64B1AA53-3183-400B-82D7-DC34CA2EE35A}.Ad-Hoc|iPhoneSimulator.ActiveCfg = Release|Any CPU
		{64B1AA53-3183-400B-82D7-DC34CA2EE35A}.Ad-Hoc|Mixed Platforms.ActiveCfg = Release|Any CPU
		{64B1AA53-3183-400B-82D7-DC34CA2EE35A}.Ad-Hoc|Mixed Platforms.Build.0 = Release|Any CPU
		{64B1AA53-3183-400B-82D7-DC34CA2EE35A}.Ad-Hoc|x64.ActiveCfg = Release|Any CPU
		{64B1AA53-3183-400B-82D7-DC34CA2EE35A}.Ad-Hoc|x86.ActiveCfg = Release|Any CPU
		{64B1AA53-3183-400B-82D7-DC34CA2EE35A}.AppStore|Any CPU.ActiveCfg = Release|Any CPU
		{64B1AA53-3183-400B-82D7-DC34CA2EE35A}.AppStore|Any CPU.Build.0 = Release|Any CPU
		{64B1AA53-3183-400B-82D7-DC34CA2EE35A}.AppStore|ARM.ActiveCfg = Release|Any CPU
		{64B1AA53-3183-400B-82D7-DC34CA2EE35A}.AppStore|iPhone.ActiveCfg = Release|Any CPU
		{64B1AA53-3183-400B-82D7-DC34CA2EE35A}.AppStore|iPhoneSimulator.ActiveCfg = Release|Any CPU
		{64B1AA53-3183-400B-82D7-DC34CA2EE35A}.AppStore|Mixed Platforms.ActiveCfg = Release|Any CPU
		{64B1AA53-3183-400B-82D7-DC34CA2EE35A}.AppStore|Mixed Platforms.Build.0 = Release|Any CPU
		{64B1AA53-3183-400B-82D7-DC34CA2EE35A}.AppStore|x64.ActiveCfg = Release|Any CPU
		{64B1AA53-3183-400B-82D7-DC34CA2EE35A}.AppStore|x86.ActiveCfg = Release|Any CPU
		{64B1AA53-3183-400B-82D7-DC34CA2EE35A}.Debug|Any CPU.ActiveCfg = Debug|Any CPU
		{64B1AA53-3183-400B-82D7-DC34CA2EE35A}.Debug|Any CPU.Build.0 = Debug|Any CPU
		{64B1AA53-3183-400B-82D7-DC34CA2EE35A}.Debug|ARM.ActiveCfg = Debug|Any CPU
		{64B1AA53-3183-400B-82D7-DC34CA2EE35A}.Debug|iPhone.ActiveCfg = Debug|Any CPU
		{64B1AA53-3183-400B-82D7-DC34CA2EE35A}.Debug|iPhoneSimulator.ActiveCfg = Debug|Any CPU
		{64B1AA53-3183-400B-82D7-DC34CA2EE35A}.Debug|Mixed Platforms.ActiveCfg = Debug|Any CPU
		{64B1AA53-3183-400B-82D7-DC34CA2EE35A}.Debug|Mixed Platforms.Build.0 = Debug|Any CPU
		{64B1AA53-3183-400B-82D7-DC34CA2EE35A}.Debug|x64.ActiveCfg = Debug|Any CPU
		{64B1AA53-3183-400B-82D7-DC34CA2EE35A}.Debug|x86.ActiveCfg = Debug|Any CPU
		{64B1AA53-3183-400B-82D7-DC34CA2EE35A}.Release|Any CPU.ActiveCfg = Release|Any CPU
		{64B1AA53-3183-400B-82D7-DC34CA2EE35A}.Release|Any CPU.Build.0 = Release|Any CPU
		{64B1AA53-3183-400B-82D7-DC34CA2EE35A}.Release|ARM.ActiveCfg = Release|Any CPU
		{64B1AA53-3183-400B-82D7-DC34CA2EE35A}.Release|iPhone.ActiveCfg = Release|Any CPU
		{64B1AA53-3183-400B-82D7-DC34CA2EE35A}.Release|iPhoneSimulator.ActiveCfg = Release|Any CPU
		{64B1AA53-3183-400B-82D7-DC34CA2EE35A}.Release|Mixed Platforms.ActiveCfg = Release|Any CPU
		{64B1AA53-3183-400B-82D7-DC34CA2EE35A}.Release|Mixed Platforms.Build.0 = Release|Any CPU
		{64B1AA53-3183-400B-82D7-DC34CA2EE35A}.Release|x64.ActiveCfg = Release|Any CPU
		{64B1AA53-3183-400B-82D7-DC34CA2EE35A}.Release|x86.ActiveCfg = Release|Any CPU
		{CE547BC0-698B-455E-97C6-D425ECBCD86A}.Ad-Hoc|Any CPU.ActiveCfg = Release|Any CPU
		{CE547BC0-698B-455E-97C6-D425ECBCD86A}.Ad-Hoc|Any CPU.Build.0 = Release|Any CPU
		{CE547BC0-698B-455E-97C6-D425ECBCD86A}.Ad-Hoc|Any CPU.Deploy.0 = Release|Any CPU
		{CE547BC0-698B-455E-97C6-D425ECBCD86A}.Ad-Hoc|ARM.ActiveCfg = Release|ARM
		{CE547BC0-698B-455E-97C6-D425ECBCD86A}.Ad-Hoc|ARM.Build.0 = Release|ARM
		{CE547BC0-698B-455E-97C6-D425ECBCD86A}.Ad-Hoc|ARM.Deploy.0 = Release|ARM
		{CE547BC0-698B-455E-97C6-D425ECBCD86A}.Ad-Hoc|iPhone.ActiveCfg = Release|Any CPU
		{CE547BC0-698B-455E-97C6-D425ECBCD86A}.Ad-Hoc|iPhoneSimulator.ActiveCfg = Release|Any CPU
		{CE547BC0-698B-455E-97C6-D425ECBCD86A}.Ad-Hoc|Mixed Platforms.ActiveCfg = Release|x86
		{CE547BC0-698B-455E-97C6-D425ECBCD86A}.Ad-Hoc|Mixed Platforms.Build.0 = Release|x86
		{CE547BC0-698B-455E-97C6-D425ECBCD86A}.Ad-Hoc|Mixed Platforms.Deploy.0 = Release|x86
		{CE547BC0-698B-455E-97C6-D425ECBCD86A}.Ad-Hoc|x64.ActiveCfg = Release|x64
		{CE547BC0-698B-455E-97C6-D425ECBCD86A}.Ad-Hoc|x64.Build.0 = Release|x64
		{CE547BC0-698B-455E-97C6-D425ECBCD86A}.Ad-Hoc|x64.Deploy.0 = Release|x64
		{CE547BC0-698B-455E-97C6-D425ECBCD86A}.Ad-Hoc|x86.ActiveCfg = Release|x86
		{CE547BC0-698B-455E-97C6-D425ECBCD86A}.Ad-Hoc|x86.Build.0 = Release|x86
		{CE547BC0-698B-455E-97C6-D425ECBCD86A}.Ad-Hoc|x86.Deploy.0 = Release|x86
		{CE547BC0-698B-455E-97C6-D425ECBCD86A}.AppStore|Any CPU.ActiveCfg = Release|Any CPU
		{CE547BC0-698B-455E-97C6-D425ECBCD86A}.AppStore|Any CPU.Build.0 = Release|Any CPU
		{CE547BC0-698B-455E-97C6-D425ECBCD86A}.AppStore|Any CPU.Deploy.0 = Release|Any CPU
		{CE547BC0-698B-455E-97C6-D425ECBCD86A}.AppStore|ARM.ActiveCfg = Release|ARM
		{CE547BC0-698B-455E-97C6-D425ECBCD86A}.AppStore|ARM.Build.0 = Release|ARM
		{CE547BC0-698B-455E-97C6-D425ECBCD86A}.AppStore|ARM.Deploy.0 = Release|ARM
		{CE547BC0-698B-455E-97C6-D425ECBCD86A}.AppStore|iPhone.ActiveCfg = Release|Any CPU
		{CE547BC0-698B-455E-97C6-D425ECBCD86A}.AppStore|iPhoneSimulator.ActiveCfg = Release|Any CPU
		{CE547BC0-698B-455E-97C6-D425ECBCD86A}.AppStore|Mixed Platforms.ActiveCfg = Release|x86
		{CE547BC0-698B-455E-97C6-D425ECBCD86A}.AppStore|Mixed Platforms.Build.0 = Release|x86
		{CE547BC0-698B-455E-97C6-D425ECBCD86A}.AppStore|Mixed Platforms.Deploy.0 = Release|x86
		{CE547BC0-698B-455E-97C6-D425ECBCD86A}.AppStore|x64.ActiveCfg = Release|x64
		{CE547BC0-698B-455E-97C6-D425ECBCD86A}.AppStore|x64.Build.0 = Release|x64
		{CE547BC0-698B-455E-97C6-D425ECBCD86A}.AppStore|x64.Deploy.0 = Release|x64
		{CE547BC0-698B-455E-97C6-D425ECBCD86A}.AppStore|x86.ActiveCfg = Release|x86
		{CE547BC0-698B-455E-97C6-D425ECBCD86A}.AppStore|x86.Build.0 = Release|x86
		{CE547BC0-698B-455E-97C6-D425ECBCD86A}.AppStore|x86.Deploy.0 = Release|x86
		{CE547BC0-698B-455E-97C6-D425ECBCD86A}.Debug|Any CPU.ActiveCfg = Debug|Any CPU
		{CE547BC0-698B-455E-97C6-D425ECBCD86A}.Debug|Any CPU.Build.0 = Debug|Any CPU
		{CE547BC0-698B-455E-97C6-D425ECBCD86A}.Debug|Any CPU.Deploy.0 = Debug|Any CPU
		{CE547BC0-698B-455E-97C6-D425ECBCD86A}.Debug|ARM.ActiveCfg = Debug|ARM
		{CE547BC0-698B-455E-97C6-D425ECBCD86A}.Debug|ARM.Build.0 = Debug|ARM
		{CE547BC0-698B-455E-97C6-D425ECBCD86A}.Debug|ARM.Deploy.0 = Debug|ARM
		{CE547BC0-698B-455E-97C6-D425ECBCD86A}.Debug|iPhone.ActiveCfg = Debug|Any CPU
		{CE547BC0-698B-455E-97C6-D425ECBCD86A}.Debug|iPhone.Build.0 = Debug|Any CPU
		{CE547BC0-698B-455E-97C6-D425ECBCD86A}.Debug|iPhone.Deploy.0 = Debug|Any CPU
		{CE547BC0-698B-455E-97C6-D425ECBCD86A}.Debug|iPhoneSimulator.ActiveCfg = Debug|Any CPU
		{CE547BC0-698B-455E-97C6-D425ECBCD86A}.Debug|Mixed Platforms.ActiveCfg = Debug|x86
		{CE547BC0-698B-455E-97C6-D425ECBCD86A}.Debug|Mixed Platforms.Build.0 = Debug|x86
		{CE547BC0-698B-455E-97C6-D425ECBCD86A}.Debug|Mixed Platforms.Deploy.0 = Debug|x86
		{CE547BC0-698B-455E-97C6-D425ECBCD86A}.Debug|x64.ActiveCfg = Debug|x64
		{CE547BC0-698B-455E-97C6-D425ECBCD86A}.Debug|x64.Build.0 = Debug|x64
		{CE547BC0-698B-455E-97C6-D425ECBCD86A}.Debug|x64.Deploy.0 = Debug|x64
		{CE547BC0-698B-455E-97C6-D425ECBCD86A}.Debug|x86.ActiveCfg = Debug|x86
		{CE547BC0-698B-455E-97C6-D425ECBCD86A}.Debug|x86.Build.0 = Debug|x86
		{CE547BC0-698B-455E-97C6-D425ECBCD86A}.Debug|x86.Deploy.0 = Debug|x86
		{CE547BC0-698B-455E-97C6-D425ECBCD86A}.Release|Any CPU.ActiveCfg = Release|Any CPU
		{CE547BC0-698B-455E-97C6-D425ECBCD86A}.Release|Any CPU.Build.0 = Release|Any CPU
		{CE547BC0-698B-455E-97C6-D425ECBCD86A}.Release|Any CPU.Deploy.0 = Release|Any CPU
		{CE547BC0-698B-455E-97C6-D425ECBCD86A}.Release|ARM.ActiveCfg = Release|ARM
		{CE547BC0-698B-455E-97C6-D425ECBCD86A}.Release|ARM.Build.0 = Release|ARM
		{CE547BC0-698B-455E-97C6-D425ECBCD86A}.Release|ARM.Deploy.0 = Release|ARM
		{CE547BC0-698B-455E-97C6-D425ECBCD86A}.Release|iPhone.ActiveCfg = Release|Any CPU
		{CE547BC0-698B-455E-97C6-D425ECBCD86A}.Release|iPhoneSimulator.ActiveCfg = Release|Any CPU
		{CE547BC0-698B-455E-97C6-D425ECBCD86A}.Release|Mixed Platforms.ActiveCfg = Release|x86
		{CE547BC0-698B-455E-97C6-D425ECBCD86A}.Release|Mixed Platforms.Build.0 = Release|x86
		{CE547BC0-698B-455E-97C6-D425ECBCD86A}.Release|Mixed Platforms.Deploy.0 = Release|x86
		{CE547BC0-698B-455E-97C6-D425ECBCD86A}.Release|x64.ActiveCfg = Release|x64
		{CE547BC0-698B-455E-97C6-D425ECBCD86A}.Release|x64.Build.0 = Release|x64
		{CE547BC0-698B-455E-97C6-D425ECBCD86A}.Release|x64.Deploy.0 = Release|x64
		{CE547BC0-698B-455E-97C6-D425ECBCD86A}.Release|x86.ActiveCfg = Release|x86
		{CE547BC0-698B-455E-97C6-D425ECBCD86A}.Release|x86.Build.0 = Release|x86
		{CE547BC0-698B-455E-97C6-D425ECBCD86A}.Release|x86.Deploy.0 = Release|x86
		{9A6CCB22-79B9-439D-92AF-91B13DEB59A0}.Ad-Hoc|Any CPU.ActiveCfg = Release|Any CPU
		{9A6CCB22-79B9-439D-92AF-91B13DEB59A0}.Ad-Hoc|Any CPU.Build.0 = Release|Any CPU
		{9A6CCB22-79B9-439D-92AF-91B13DEB59A0}.Ad-Hoc|Any CPU.Deploy.0 = Release|Any CPU
		{9A6CCB22-79B9-439D-92AF-91B13DEB59A0}.Ad-Hoc|ARM.ActiveCfg = Release|ARM
		{9A6CCB22-79B9-439D-92AF-91B13DEB59A0}.Ad-Hoc|ARM.Build.0 = Release|ARM
		{9A6CCB22-79B9-439D-92AF-91B13DEB59A0}.Ad-Hoc|ARM.Deploy.0 = Release|ARM
		{9A6CCB22-79B9-439D-92AF-91B13DEB59A0}.Ad-Hoc|iPhone.ActiveCfg = Release|Any CPU
		{9A6CCB22-79B9-439D-92AF-91B13DEB59A0}.Ad-Hoc|iPhoneSimulator.ActiveCfg = Release|Any CPU
		{9A6CCB22-79B9-439D-92AF-91B13DEB59A0}.Ad-Hoc|Mixed Platforms.ActiveCfg = Release|x86
		{9A6CCB22-79B9-439D-92AF-91B13DEB59A0}.Ad-Hoc|Mixed Platforms.Build.0 = Release|x86
		{9A6CCB22-79B9-439D-92AF-91B13DEB59A0}.Ad-Hoc|Mixed Platforms.Deploy.0 = Release|x86
		{9A6CCB22-79B9-439D-92AF-91B13DEB59A0}.Ad-Hoc|x64.ActiveCfg = Release|Any CPU
		{9A6CCB22-79B9-439D-92AF-91B13DEB59A0}.Ad-Hoc|x86.ActiveCfg = Release|x86
		{9A6CCB22-79B9-439D-92AF-91B13DEB59A0}.Ad-Hoc|x86.Build.0 = Release|x86
		{9A6CCB22-79B9-439D-92AF-91B13DEB59A0}.Ad-Hoc|x86.Deploy.0 = Release|x86
		{9A6CCB22-79B9-439D-92AF-91B13DEB59A0}.AppStore|Any CPU.ActiveCfg = Release|Any CPU
		{9A6CCB22-79B9-439D-92AF-91B13DEB59A0}.AppStore|Any CPU.Build.0 = Release|Any CPU
		{9A6CCB22-79B9-439D-92AF-91B13DEB59A0}.AppStore|Any CPU.Deploy.0 = Release|Any CPU
		{9A6CCB22-79B9-439D-92AF-91B13DEB59A0}.AppStore|ARM.ActiveCfg = Release|ARM
		{9A6CCB22-79B9-439D-92AF-91B13DEB59A0}.AppStore|ARM.Build.0 = Release|ARM
		{9A6CCB22-79B9-439D-92AF-91B13DEB59A0}.AppStore|ARM.Deploy.0 = Release|ARM
		{9A6CCB22-79B9-439D-92AF-91B13DEB59A0}.AppStore|iPhone.ActiveCfg = Release|Any CPU
		{9A6CCB22-79B9-439D-92AF-91B13DEB59A0}.AppStore|iPhoneSimulator.ActiveCfg = Release|Any CPU
		{9A6CCB22-79B9-439D-92AF-91B13DEB59A0}.AppStore|Mixed Platforms.ActiveCfg = Release|x86
		{9A6CCB22-79B9-439D-92AF-91B13DEB59A0}.AppStore|Mixed Platforms.Build.0 = Release|x86
		{9A6CCB22-79B9-439D-92AF-91B13DEB59A0}.AppStore|Mixed Platforms.Deploy.0 = Release|x86
		{9A6CCB22-79B9-439D-92AF-91B13DEB59A0}.AppStore|x64.ActiveCfg = Release|Any CPU
		{9A6CCB22-79B9-439D-92AF-91B13DEB59A0}.AppStore|x86.ActiveCfg = Release|x86
		{9A6CCB22-79B9-439D-92AF-91B13DEB59A0}.AppStore|x86.Build.0 = Release|x86
		{9A6CCB22-79B9-439D-92AF-91B13DEB59A0}.AppStore|x86.Deploy.0 = Release|x86
		{9A6CCB22-79B9-439D-92AF-91B13DEB59A0}.Debug|Any CPU.ActiveCfg = Debug|Any CPU
		{9A6CCB22-79B9-439D-92AF-91B13DEB59A0}.Debug|Any CPU.Build.0 = Debug|Any CPU
		{9A6CCB22-79B9-439D-92AF-91B13DEB59A0}.Debug|Any CPU.Deploy.0 = Debug|Any CPU
		{9A6CCB22-79B9-439D-92AF-91B13DEB59A0}.Debug|ARM.ActiveCfg = Debug|ARM
		{9A6CCB22-79B9-439D-92AF-91B13DEB59A0}.Debug|ARM.Build.0 = Debug|ARM
		{9A6CCB22-79B9-439D-92AF-91B13DEB59A0}.Debug|ARM.Deploy.0 = Debug|ARM
		{9A6CCB22-79B9-439D-92AF-91B13DEB59A0}.Debug|iPhone.ActiveCfg = Debug|Any CPU
		{9A6CCB22-79B9-439D-92AF-91B13DEB59A0}.Debug|iPhone.Build.0 = Debug|Any CPU
		{9A6CCB22-79B9-439D-92AF-91B13DEB59A0}.Debug|iPhone.Deploy.0 = Debug|Any CPU
		{9A6CCB22-79B9-439D-92AF-91B13DEB59A0}.Debug|iPhoneSimulator.ActiveCfg = Debug|Any CPU
		{9A6CCB22-79B9-439D-92AF-91B13DEB59A0}.Debug|Mixed Platforms.ActiveCfg = Debug|x86
		{9A6CCB22-79B9-439D-92AF-91B13DEB59A0}.Debug|Mixed Platforms.Build.0 = Debug|x86
		{9A6CCB22-79B9-439D-92AF-91B13DEB59A0}.Debug|Mixed Platforms.Deploy.0 = Debug|x86
		{9A6CCB22-79B9-439D-92AF-91B13DEB59A0}.Debug|x64.ActiveCfg = Debug|Any CPU
		{9A6CCB22-79B9-439D-92AF-91B13DEB59A0}.Debug|x86.ActiveCfg = Debug|x86
		{9A6CCB22-79B9-439D-92AF-91B13DEB59A0}.Debug|x86.Build.0 = Debug|x86
		{9A6CCB22-79B9-439D-92AF-91B13DEB59A0}.Debug|x86.Deploy.0 = Debug|x86
		{9A6CCB22-79B9-439D-92AF-91B13DEB59A0}.Release|Any CPU.ActiveCfg = Release|Any CPU
		{9A6CCB22-79B9-439D-92AF-91B13DEB59A0}.Release|Any CPU.Build.0 = Release|Any CPU
		{9A6CCB22-79B9-439D-92AF-91B13DEB59A0}.Release|Any CPU.Deploy.0 = Release|Any CPU
		{9A6CCB22-79B9-439D-92AF-91B13DEB59A0}.Release|ARM.ActiveCfg = Release|ARM
		{9A6CCB22-79B9-439D-92AF-91B13DEB59A0}.Release|ARM.Build.0 = Release|ARM
		{9A6CCB22-79B9-439D-92AF-91B13DEB59A0}.Release|ARM.Deploy.0 = Release|ARM
		{9A6CCB22-79B9-439D-92AF-91B13DEB59A0}.Release|iPhone.ActiveCfg = Release|Any CPU
		{9A6CCB22-79B9-439D-92AF-91B13DEB59A0}.Release|iPhoneSimulator.ActiveCfg = Release|Any CPU
		{9A6CCB22-79B9-439D-92AF-91B13DEB59A0}.Release|Mixed Platforms.ActiveCfg = Release|x86
		{9A6CCB22-79B9-439D-92AF-91B13DEB59A0}.Release|Mixed Platforms.Build.0 = Release|x86
		{9A6CCB22-79B9-439D-92AF-91B13DEB59A0}.Release|Mixed Platforms.Deploy.0 = Release|x86
		{9A6CCB22-79B9-439D-92AF-91B13DEB59A0}.Release|x64.ActiveCfg = Release|Any CPU
		{9A6CCB22-79B9-439D-92AF-91B13DEB59A0}.Release|x86.ActiveCfg = Release|x86
		{9A6CCB22-79B9-439D-92AF-91B13DEB59A0}.Release|x86.Build.0 = Release|x86
		{9A6CCB22-79B9-439D-92AF-91B13DEB59A0}.Release|x86.Deploy.0 = Release|x86
		{02314D61-8AB9-4CCB-91B9-7AA4201EA4FB}.Ad-Hoc|Any CPU.ActiveCfg = Release|Any CPU
		{02314D61-8AB9-4CCB-91B9-7AA4201EA4FB}.Ad-Hoc|Any CPU.Build.0 = Release|Any CPU
		{02314D61-8AB9-4CCB-91B9-7AA4201EA4FB}.Ad-Hoc|ARM.ActiveCfg = Release|Any CPU
		{02314D61-8AB9-4CCB-91B9-7AA4201EA4FB}.Ad-Hoc|iPhone.ActiveCfg = Release|Any CPU
		{02314D61-8AB9-4CCB-91B9-7AA4201EA4FB}.Ad-Hoc|iPhoneSimulator.ActiveCfg = Release|Any CPU
		{02314D61-8AB9-4CCB-91B9-7AA4201EA4FB}.Ad-Hoc|Mixed Platforms.ActiveCfg = Release|Any CPU
		{02314D61-8AB9-4CCB-91B9-7AA4201EA4FB}.Ad-Hoc|Mixed Platforms.Build.0 = Release|Any CPU
		{02314D61-8AB9-4CCB-91B9-7AA4201EA4FB}.Ad-Hoc|x64.ActiveCfg = Release|Any CPU
		{02314D61-8AB9-4CCB-91B9-7AA4201EA4FB}.Ad-Hoc|x86.ActiveCfg = Release|Any CPU
		{02314D61-8AB9-4CCB-91B9-7AA4201EA4FB}.AppStore|Any CPU.ActiveCfg = Release|Any CPU
		{02314D61-8AB9-4CCB-91B9-7AA4201EA4FB}.AppStore|Any CPU.Build.0 = Release|Any CPU
		{02314D61-8AB9-4CCB-91B9-7AA4201EA4FB}.AppStore|ARM.ActiveCfg = Release|Any CPU
		{02314D61-8AB9-4CCB-91B9-7AA4201EA4FB}.AppStore|iPhone.ActiveCfg = Release|Any CPU
		{02314D61-8AB9-4CCB-91B9-7AA4201EA4FB}.AppStore|iPhoneSimulator.ActiveCfg = Release|Any CPU
		{02314D61-8AB9-4CCB-91B9-7AA4201EA4FB}.AppStore|Mixed Platforms.ActiveCfg = Release|Any CPU
		{02314D61-8AB9-4CCB-91B9-7AA4201EA4FB}.AppStore|Mixed Platforms.Build.0 = Release|Any CPU
		{02314D61-8AB9-4CCB-91B9-7AA4201EA4FB}.AppStore|x64.ActiveCfg = Release|Any CPU
		{02314D61-8AB9-4CCB-91B9-7AA4201EA4FB}.AppStore|x86.ActiveCfg = Release|Any CPU
		{02314D61-8AB9-4CCB-91B9-7AA4201EA4FB}.Debug|Any CPU.ActiveCfg = Debug|Any CPU
		{02314D61-8AB9-4CCB-91B9-7AA4201EA4FB}.Debug|Any CPU.Build.0 = Debug|Any CPU
		{02314D61-8AB9-4CCB-91B9-7AA4201EA4FB}.Debug|ARM.ActiveCfg = Debug|Any CPU
		{02314D61-8AB9-4CCB-91B9-7AA4201EA4FB}.Debug|iPhone.ActiveCfg = Debug|Any CPU
		{02314D61-8AB9-4CCB-91B9-7AA4201EA4FB}.Debug|iPhoneSimulator.ActiveCfg = Debug|Any CPU
		{02314D61-8AB9-4CCB-91B9-7AA4201EA4FB}.Debug|Mixed Platforms.ActiveCfg = Debug|Any CPU
		{02314D61-8AB9-4CCB-91B9-7AA4201EA4FB}.Debug|Mixed Platforms.Build.0 = Debug|Any CPU
		{02314D61-8AB9-4CCB-91B9-7AA4201EA4FB}.Debug|x64.ActiveCfg = Debug|Any CPU
		{02314D61-8AB9-4CCB-91B9-7AA4201EA4FB}.Debug|x86.ActiveCfg = Debug|Any CPU
		{02314D61-8AB9-4CCB-91B9-7AA4201EA4FB}.Release|Any CPU.ActiveCfg = Release|Any CPU
		{02314D61-8AB9-4CCB-91B9-7AA4201EA4FB}.Release|Any CPU.Build.0 = Release|Any CPU
		{02314D61-8AB9-4CCB-91B9-7AA4201EA4FB}.Release|ARM.ActiveCfg = Release|Any CPU
		{02314D61-8AB9-4CCB-91B9-7AA4201EA4FB}.Release|iPhone.ActiveCfg = Release|Any CPU
		{02314D61-8AB9-4CCB-91B9-7AA4201EA4FB}.Release|iPhoneSimulator.ActiveCfg = Release|Any CPU
		{02314D61-8AB9-4CCB-91B9-7AA4201EA4FB}.Release|Mixed Platforms.ActiveCfg = Release|Any CPU
		{02314D61-8AB9-4CCB-91B9-7AA4201EA4FB}.Release|Mixed Platforms.Build.0 = Release|Any CPU
		{02314D61-8AB9-4CCB-91B9-7AA4201EA4FB}.Release|x64.ActiveCfg = Release|Any CPU
		{02314D61-8AB9-4CCB-91B9-7AA4201EA4FB}.Release|x86.ActiveCfg = Release|Any CPU
	EndGlobalSection
	GlobalSection(SolutionProperties) = preSolution
		HideSolutionNode = FALSE
	EndGlobalSection
	GlobalSection(NestedProjects) = preSolution
		{CE9775E1-11E5-4B6E-B926-2B7F08D0C73D} = {6A0239DF-CC1A-461B-BB29-986E728F26F3}
		{CE547BC0-698B-455E-97C6-D425ECBCD86A} = {6A0239DF-CC1A-461B-BB29-986E728F26F3}
		{9A6CCB22-79B9-439D-92AF-91B13DEB59A0} = {6A0239DF-CC1A-461B-BB29-986E728F26F3}
	EndGlobalSection
EndGlobal
